
Microsoft Visual Studio Solution File, Format Version 12.00
# Visual Studio Version 17
VisualStudioVersion = 17.13.35828.75
MinimumVisualStudioVersion = 10.0.40219.1
Project("{FAE04EC0-301F-11D3-BF4B-00C04F79EFBC}") = "CookieClicker", "CookieClicker\CookieClicker.csproj", "{C5B1CEC3-4779-4907-87F6-013679F12F5D}"
EndProject
Project("{54435603-DBB4-11D2-8724-00A0C9A8B90C}") = "CookieSetup", "CookieSetup\CookieSetup.vdproj", "{B21C9756-44FA-D6C9-9612-FB741453AC4A}"
EndProject
Global
	GlobalSection(SolutionConfigurationPlatforms) = preSolution
		Debug|Any CPU = Debug|Any CPU
		Release|Any CPU = Release|Any CPU
	EndGlobalSection
	GlobalSection(ProjectConfigurationPlatforms) = postSolution
		{C5B1CEC3-4779-4907-87F6-013679F12F5D}.Debug|Any CPU.ActiveCfg = Debug|Any CPU
		{C5B1CEC3-4779-4907-87F6-013679F12F5D}.Debug|Any CPU.Build.0 = Debug|Any CPU
		{C5B1CEC3-4779-4907-87F6-013679F12F5D}.Release|Any CPU.ActiveCfg = Release|Any CPU
		{C5B1CEC3-4779-4907-87F6-013679F12F5D}.Release|Any CPU.Build.0 = Release|Any CPU
		{B21C9756-44FA-D6C9-9612-FB741453AC4A}.Debug|Any CPU.ActiveCfg = Debug
		{B21C9756-44FA-D6C9-9612-FB741453AC4A}.Release|Any CPU.ActiveCfg = Release
	EndGlobalSection
	GlobalSection(SolutionProperties) = preSolution
		HideSolutionNode = FALSE
	EndGlobalSection
	GlobalSection(ExtensibilityGlobals) = postSolution
		SolutionGuid = {09952516-2350-4948-86C3-9079CD24AB3D}
	EndGlobalSection
EndGlobal
